
Microsoft Visual Studio Solution File, Format Version 12.00
# Visual Studio Version 16
VisualStudioVersion = 16.0.31005.135
MinimumVisualStudioVersion = 10.0.40219.1
Project("{FAE04EC0-301F-11D3-BF4B-00C04F79EFBC}") = "IoTDashboard", "IoTDashboard\IoTDashboard.csproj", "{EEB307B9-248C-4AA8-8A30-BBC30002EE5A}"
EndProject
Project("{FAE04EC0-301F-11D3-BF4B-00C04F79EFBC}") = "IoTDashboardControls", "IotDashboardControls\IoTDashboardControls.csproj", "{CBF64870-51DC-494C-98F4-96185C1E9FA1}"
EndProject
Global
	GlobalSection(SolutionConfigurationPlatforms) = preSolution
		Debug|Any CPU = Debug|Any CPU
		Release|Any CPU = Release|Any CPU
	EndGlobalSection
	GlobalSection(ProjectConfigurationPlatforms) = postSolution
		{EEB307B9-248C-4AA8-8A30-BBC30002EE5A}.Debug|Any CPU.ActiveCfg = Debug|Any CPU
		{EEB307B9-248C-4AA8-8A30-BBC30002EE5A}.Debug|Any CPU.Build.0 = Debug|Any CPU
		{EEB307B9-248C-4AA8-8A30-BBC30002EE5A}.Release|Any CPU.ActiveCfg = Release|Any CPU
		{EEB307B9-248C-4AA8-8A30-BBC30002EE5A}.Release|Any CPU.Build.0 = Release|Any CPU
		{CBF64870-51DC-494C-98F4-96185C1E9FA1}.Debug|Any CPU.ActiveCfg = Debug|Any CPU
		{CBF64870-51DC-494C-98F4-96185C1E9FA1}.Debug|Any CPU.Build.0 = Debug|Any CPU
		{CBF64870-51DC-494C-98F4-96185C1E9FA1}.Release|Any CPU.ActiveCfg = Release|Any CPU
		{CBF64870-51DC-494C-98F4-96185C1E9FA1}.Release|Any CPU.Build.0 = Release|Any CPU
	EndGlobalSection
	GlobalSection(SolutionProperties) = preSolution
		HideSolutionNode = FALSE
	EndGlobalSection
	GlobalSection(ExtensibilityGlobals) = postSolution
		SolutionGuid = {BBEDEC29-F213-43D2-91F6-1265DE2F12CF}
	EndGlobalSection
EndGlobal
